Microsoft Visual Studio Solution File, Format Version 12.00
# Visual Studio Version 17
VisualStudioVersion = 17.5.2.0
MinimumVisualStudioVersion = 10.0.40219.1
Project("{FAE04EC0-301F-11D3-BF4B-00C04F79EFBC}") = "Bai 2( Phep tinh )", "Bai 2( Phep tinh ).csproj", "{B5F596A9-4FBC-EEBF-F6EA-D812555B5AF5}"
EndProject
Global
	GlobalSection(SolutionConfigurationPlatforms) = preSolution
		Debug|Any CPU = Debug|Any CPU
		Release|Any CPU = Release|Any CPU
	EndGlobalSection
	GlobalSection(ProjectConfigurationPlatforms) = postSolution
		{B5F596A9-4FBC-EEBF-F6EA-D812555B5AF5}.Debug|Any CPU.ActiveCfg = Debug|Any CPU
		{B5F596A9-4FBC-EEBF-F6EA-D812555B5AF5}.Debug|Any CPU.Build.0 = Debug|Any CPU
		{B5F596A9-4FBC-EEBF-F6EA-D812555B5AF5}.Release|Any CPU.ActiveCfg = Release|Any CPU
		{B5F596A9-4FBC-EEBF-F6EA-D812555B5AF5}.Release|Any CPU.Build.0 = Release|Any CPU
	EndGlobalSection
	GlobalSection(SolutionProperties) = preSolution
		HideSolutionNode = FALSE
	EndGlobalSection
	GlobalSection(ExtensibilityGlobals) = postSolution
		SolutionGuid = {068C1094-7CFF-4D38-A30B-ACC31914228A}
	EndGlobalSection
EndGlobal
